
Microsoft Visual Studio Solution File, Format Version 12.00
# Visual Studio Version 17
VisualStudioVersion = 17.4.33213.308
MinimumVisualStudioVersion = 10.0.40219.1
Project("{9A19103F-16F7-4668-BE54-9A1E7A4F7556}") = "backend", "backend\backend.csproj", "{8D0CD88A-9B5A-4C1D-ADF0-06BCD9C164FF}"
EndProject
Project("{FAE04EC0-301F-11D3-BF4B-00C04F79EFBC}") = "TestProject1", "TestProject1\TestProject1.csproj", "{20DF35F0-C17C-48B8-B9FE-DF0FCC1B991E}"
EndProject
Global
	GlobalSection(SolutionConfigurationPlatforms) = preSolution
		Debug|Any CPU = Debug|Any CPU
		Release|Any CPU = Release|Any CPU
	EndGlobalSection
	GlobalSection(ProjectConfigurationPlatforms) = postSolution
		{8D0CD88A-9B5A-4C1D-ADF0-06BCD9C164FF}.Debug|Any CPU.ActiveCfg = Debug|Any CPU
		{8D0CD88A-9B5A-4C1D-ADF0-06BCD9C164FF}.Debug|Any CPU.Build.0 = Debug|Any CPU
		{8D0CD88A-9B5A-4C1D-ADF0-06BCD9C164FF}.Release|Any CPU.ActiveCfg = Release|Any CPU
		{8D0CD88A-9B5A-4C1D-ADF0-06BCD9C164FF}.Release|Any CPU.Build.0 = Release|Any CPU
		{20DF35F0-C17C-48B8-B9FE-DF0FCC1B991E}.Debug|Any CPU.ActiveCfg = Debug|Any CPU
		{20DF35F0-C17C-48B8-B9FE-DF0FCC1B991E}.Debug|Any CPU.Build.0 = Debug|Any CPU
		{20DF35F0-C17C-48B8-B9FE-DF0FCC1B991E}.Release|Any CPU.ActiveCfg = Release|Any CPU
		{20DF35F0-C17C-48B8-B9FE-DF0FCC1B991E}.Release|Any CPU.Build.0 = Release|Any CPU
	EndGlobalSection
	GlobalSection(SolutionProperties) = preSolution
		HideSolutionNode = FALSE
	EndGlobalSection
	GlobalSection(ExtensibilityGlobals) = postSolution
		SolutionGuid = {F3BDCD19-600D-45F2-8D1C-7C450727121D}
	EndGlobalSection
EndGlobal
